
Microsoft Visual Studio Solution File, Format Version 12.00
# Visual Studio 15
VisualStudioVersion = 15.0.28010.2026
MinimumVisualStudioVersion = 10.0.40219.1
Project("{FAE04EC0-301F-11D3-BF4B-00C04F79EFBC}") = "IntepretatorCsharp", "IntepretatorCsharp\IntepretatorCsharp.csproj", "{261ABD4A-2917-467D-8F39-2CE84A5E2953}"
EndProject
Global
	GlobalSection(SolutionConfigurationPlatforms) = preSolution
		Debug|Any CPU = Debug|Any CPU
		Release|Any CPU = Release|Any CPU
	EndGlobalSection
	GlobalSection(ProjectConfigurationPlatforms) = postSolution
		{261ABD4A-2917-467D-8F39-2CE84A5E2953}.Debug|Any CPU.ActiveCfg = Debug|Any CPU
		{261ABD4A-2917-467D-8F39-2CE84A5E2953}.Debug|Any CPU.Build.0 = Debug|Any CPU
		{261ABD4A-2917-467D-8F39-2CE84A5E2953}.Release|Any CPU.ActiveCfg = Release|Any CPU
		{261ABD4A-2917-467D-8F39-2CE84A5E2953}.Release|Any CPU.Build.0 = Release|Any CPU
	EndGlobalSection
	GlobalSection(SolutionProperties) = preSolution
		HideSolutionNode = FALSE
	EndGlobalSection
	GlobalSection(ExtensibilityGlobals) = postSolution
		SolutionGuid = {E18E254C-2C4F-4684-8B27-88C1D8BA23E2}
	EndGlobalSection
EndGlobal
